{
  "name": "github-bot-uwp-toolkit",
  "version": "0.1.0",
  "lockfileVersion": 1,
  "requires": true,
  "dependencies": {
    "@types/node": {
      "version": "8.0.41",
      "resolved": "https://registry.npmjs.org/@types/node/-/node-8.0.41.tgz",
      "integrity": "sha512-6XPVDfoTQE5O6FRCbSgFg0YEobbsqUuu6Wxnp7g3kydKTTQep/Mo3rT9CCS1igzQeAb1GLB7r3+xTgcHv+4KSQ==",
      "dev": true
    }
  }
}
