# THIS IS AN AUTOGENERATED FILE. DO NOT EDIT THIS FILE DIRECTLY.
# yarn lockfile v1


"@types/node@^8.0.26":
  version "8.0.28"
  resolved "https://registry.yarnpkg.com/@types/node/-/node-8.0.28.tgz#86206716f8d9251cf41692e384264cbd7058ad60"

node-cron@^1.2.1:
  version "1.2.1"
  resolved "https://registry.yarnpkg.com/node-cron/-/node-cron-1.2.1.tgz#8c90bc5dc723a56289b0786655ab4a1c4cb60368"
